
Microsoft Visual Studio Solution File, Format Version 12.00
# Visual Studio 14
VisualStudioVersion = 14.0.25420.1
MinimumVisualStudioVersion = 10.0.40219.1
Project("{FAE04EC0-301F-11D3-BF4B-00C04F79EFBC}") = "Acme.Library.Web", "Acme.Library.Web\Acme.Library.Web.csproj", "{E818DB5B-A1D9-4FE6-A0A1-20F67D7BAE64}"
EndProject
Project("{FAE04EC0-301F-11D3-BF4B-00C04F79EFBC}") = "Acme.Library.Tests", "Acme.Library.Tests\Acme.Library.Tests.csproj", "{88CD1069-84C4-402A-8D8F-98C1A5FDF605}"
EndProject
Project("{FAE04EC0-301F-11D3-BF4B-00C04F79EFBC}") = "Acme.Library.Domain", "Acme.Library.Domain\Acme.Library.Domain.csproj", "{FC3D3BEE-1F62-4E11-9451-DBA90A11039F}"
EndProject
Project("{FAE04EC0-301F-11D3-BF4B-00C04F79EFBC}") = "Acme.Library.Data", "Acme.Library.Data\Acme.Library.Data.csproj", "{A60F6716-FEEE-4FCC-BCC0-0AEC281973A4}"
EndProject
Global
	GlobalSection(SolutionConfigurationPlatforms) = preSolution
		Debug|Any CPU = Debug|Any CPU
		Release|Any CPU = Release|Any CPU
	EndGlobalSection
	GlobalSection(ProjectConfigurationPlatforms) = postSolution
		{E818DB5B-A1D9-4FE6-A0A1-20F67D7BAE64}.Debug|Any CPU.ActiveCfg = Debug|Any CPU
		{E818DB5B-A1D9-4FE6-A0A1-20F67D7BAE64}.Debug|Any CPU.Build.0 = Debug|Any CPU
		{E818DB5B-A1D9-4FE6-A0A1-20F67D7BAE64}.Release|Any CPU.ActiveCfg = Release|Any CPU
		{E818DB5B-A1D9-4FE6-A0A1-20F67D7BAE64}.Release|Any CPU.Build.0 = Release|Any CPU
		{88CD1069-84C4-402A-8D8F-98C1A5FDF605}.Debug|Any CPU.ActiveCfg = Debug|Any CPU
		{88CD1069-84C4-402A-8D8F-98C1A5FDF605}.Debug|Any CPU.Build.0 = Debug|Any CPU
		{88CD1069-84C4-402A-8D8F-98C1A5FDF605}.Release|Any CPU.ActiveCfg = Release|Any CPU
		{88CD1069-84C4-402A-8D8F-98C1A5FDF605}.Release|Any CPU.Build.0 = Release|Any CPU
		{FC3D3BEE-1F62-4E11-9451-DBA90A11039F}.Debug|Any CPU.ActiveCfg = Debug|Any CPU
		{FC3D3BEE-1F62-4E11-9451-DBA90A11039F}.Debug|Any CPU.Build.0 = Debug|Any CPU
		{FC3D3BEE-1F62-4E11-9451-DBA90A11039F}.Release|Any CPU.ActiveCfg = Release|Any CPU
		{FC3D3BEE-1F62-4E11-9451-DBA90A11039F}.Release|Any CPU.Build.0 = Release|Any CPU
		{A60F6716-FEEE-4FCC-BCC0-0AEC281973A4}.Debug|Any CPU.ActiveCfg = Debug|Any CPU
		{A60F6716-FEEE-4FCC-BCC0-0AEC281973A4}.Debug|Any CPU.Build.0 = Debug|Any CPU
		{A60F6716-FEEE-4FCC-BCC0-0AEC281973A4}.Release|Any CPU.ActiveCfg = Release|Any CPU
		{A60F6716-FEEE-4FCC-BCC0-0AEC281973A4}.Release|Any CPU.Build.0 = Release|Any CPU
	EndGlobalSection
	GlobalSection(SolutionProperties) = preSolution
		HideSolutionNode = FALSE
	EndGlobalSection
	GlobalSection(TeamFoundationVersionControl) = preSolution
		SccNumberOfProjects = 5
		SccEnterpriseProvider = {4CA58AB2-18FA-4F8D-95D4-32DDF27D184C}
		SccTeamFoundationServer = https://muamaidbengt.visualstudio.com/
		SccLocalPath0 = .
		SccProjectUniqueName1 = Acme.Library.Data\\Acme.Library.Data.csproj
		SccProjectName1 = Acme.Library.Data
		SccLocalPath1 = Acme.Library.Data
		SccProjectUniqueName2 = Acme.Library.Domain\\Acme.Library.Domain.csproj
		SccProjectName2 = Acme.Library.Domain
		SccLocalPath2 = Acme.Library.Domain
		SccProjectUniqueName3 = Acme.Library.Tests\\Acme.Library.Tests.csproj
		SccProjectName3 = Acme.Library.Tests
		SccLocalPath3 = Acme.Library.Tests
		SccProjectUniqueName4 = Acme.Library.Web\\Acme.Library.Web.csproj
		SccProjectName4 = Acme.Library.Web
		SccLocalPath4 = Acme.Library.Web
	EndGlobalSection
EndGlobal
